
Microsoft Visual Studio Solution File, Format Version 12.00
# Visual Studio Version 16
VisualStudioVersion = 16.0.30711.63
MinimumVisualStudioVersion = 10.0.40219.1
Project("{FAE04EC0-301F-11D3-BF4B-00C04F79EFBC}") = "JogoDeXadrezModoConsoleCSharp", "JogoDeXadrezModoConsoleCSharp\JogoDeXadrezModoConsoleCSharp.csproj", "{8BA54769-9582-4634-A63D-2D462D368556}"
EndProject
Global
	GlobalSection(SolutionConfigurationPlatforms) = preSolution
		Debug|Any CPU = Debug|Any CPU
		Release|Any CPU = Release|Any CPU
	EndGlobalSection
	GlobalSection(ProjectConfigurationPlatforms) = postSolution
		{8BA54769-9582-4634-A63D-2D462D368556}.Debug|Any CPU.ActiveCfg = Debug|Any CPU
		{8BA54769-9582-4634-A63D-2D462D368556}.Debug|Any CPU.Build.0 = Debug|Any CPU
		{8BA54769-9582-4634-A63D-2D462D368556}.Release|Any CPU.ActiveCfg = Release|Any CPU
		{8BA54769-9582-4634-A63D-2D462D368556}.Release|Any CPU.Build.0 = Release|Any CPU
	EndGlobalSection
	GlobalSection(SolutionProperties) = preSolution
		HideSolutionNode = FALSE
	EndGlobalSection
	GlobalSection(ExtensibilityGlobals) = postSolution
		SolutionGuid = {6D36881F-D5FE-4DF0-B464-A6BE88D329F9}
	EndGlobalSection
EndGlobal
